<?xml version="1.0" encoding="utf-8"?>
<Project ToolsVersion="17.0" xmlns="http://schemas.microsoft.com/developer/msbuild/2003">
  <ItemGroup>
    <ClCompile Include="C:\Users\admin\Desktop\vally\Classes\AppDelegate.cpp">
      <Filter>Source Files\Classes</Filter>
    </ClCompile>
    <ClCompile Include="C:\Users\admin\Desktop\vally\proj.win32\main.cpp">
      <Filter>Source Files\proj.win32</Filter>
    </ClCompile>
    <ClCompile Include="C:\Users\admin\Desktop\vally\cocos2d\cocos\precheader.cpp">
      <Filter>Source Files</Filter>
    </ClCompile>
    <ClCompile Include="..\Classes\valleybegin.cpp">
      <Filter>Source Files\Classes</Filter>
    </ClCompile>
    <ClCompile Include="..\Classes\intovalley.cpp">
      <Filter>Source Files\Classes</Filter>
    </ClCompile>
    <ClCompile Include="..\Classes\outside.cpp">
      <Filter>Source Files\Classes</Filter>
    </ClCompile>
    <ClCompile Include="..\Classes\menu.cpp" />
  </ItemGroup>
  <ItemGroup>
    <ClInclude Include="C:\Users\admin\Desktop\vally\Classes\AppDelegate.h">
      <Filter>Source Files\Classes</Filter>
    </ClInclude>
    <ClInclude Include="C:\Users\admin\Desktop\vally\proj.win32\main.h">
      <Filter>Source Files\proj.win32</Filter>
    </ClInclude>
    <ClInclude Include="C:\Users\admin\Desktop\vally\proj.win32\resource.h">
      <Filter>Source Files\proj.win32</Filter>
    </ClInclude>
    <ClInclude Include="C:\Users\admin\Desktop\vally\Resources\CloseNormal.png">
      <Filter>Resources</Filter>
    </ClInclude>
    <ClInclude Include="C:\Users\admin\Desktop\vally\Resources\CloseSelected.png">
      <Filter>Resources</Filter>
    </ClInclude>
    <ClInclude Include="C:\Users\admin\Desktop\vally\Resources\HelloWorld.png">
      <Filter>Resources</Filter>
    </ClInclude>
    <ClInclude Include="C:\Users\admin\Desktop\vally\Resources\fonts\Marker Felt.ttf">
      <Filter>Resources\fonts</Filter>
    </ClInclude>
    <ClInclude Include="C:\Users\admin\Desktop\vally\Resources\fonts\arial.ttf">
      <Filter>Resources\fonts</Filter>
    </ClInclude>
    <ClInclude Include="C:\Users\admin\Desktop\vally\Resources\res\.gitkeep">
      <Filter>Resources\res</Filter>
    </ClInclude>
    <ClInclude Include="..\Classes\valleybegin.h">
      <Filter>Source Files\Classes</Filter>
    </ClInclude>
    <ClInclude Include="..\Classes\intovalley.h">
      <Filter>Source Files\Classes</Filter>
    </ClInclude>
    <ClInclude Include="..\Classes\outside.h">
      <Filter>Source Files\Classes</Filter>
    </ClInclude>
    <ClInclude Include="..\Classes\menu.h" />
  </ItemGroup>
  <ItemGroup>
    <CustomBuild Include="C:\Users\admin\Desktop\vally\CMakeLists.txt" />
  </ItemGroup>
  <ItemGroup>
    <ResourceCompile Include="C:\Users\admin\Desktop\vally\proj.win32\game.rc">
      <Filter>Source Files\proj.win32</Filter>
    </ResourceCompile>
  </ItemGroup>
  <ItemGroup>
    <Filter Include="Resources">
      <UniqueIdentifier>{0E6D009C-2A66-325F-95A8-2CC6429D8D75}</UniqueIdentifier>
    </Filter>
    <Filter Include="Resources\fonts">
      <UniqueIdentifier>{1A53EA9B-CB20-3812-A1BA-91F7E705A30A}</UniqueIdentifier>
    </Filter>
    <Filter Include="Resources\res">
      <UniqueIdentifier>{B2245AA3-0E4F-36C8-A167-A9E217CF7F58}</UniqueIdentifier>
    </Filter>
    <Filter Include="Source Files">
      <UniqueIdentifier>{B40ED8AC-ABA1-3DF9-AC11-34A839D776DC}</UniqueIdentifier>
    </Filter>
    <Filter Include="Source Files\Classes">
      <UniqueIdentifier>{FD139708-EE03-3FAB-9C6A-EF8695317950}</UniqueIdentifier>
    </Filter>
    <Filter Include="Source Files\proj.win32">
      <UniqueIdentifier>{D48E9F55-A554-3D2E-A754-064FB8A8CE59}</UniqueIdentifier>
    </Filter>
  </ItemGroup>
</Project>